PODS:
  - AFNetworking (3.2.1):
    - AFNetworking/NSURLSession (= 3.2.1)
    - AFNetworking/Reachability (= 3.2.1)
    - AFNetworking/Security (= 3.2.1)
    - AFNetworking/Serialization (= 3.2.1)
    - AFNetworking/UIKit (= 3.2.1)
  - AFNetworking/NSURLSession (3.2.1):
    - AFNetworking/Reachability
    - AFNetworking/Security
    - AFNetworking/Serialization
  - AFNetworking/Reachability (3.2.1)
  - AFNetworking/Security (3.2.1)
  - AFNetworking/Serialization (3.2.1)
  - AFNetworking/UIKit (3.2.1):
    - AFNetworking/NSURLSession
  - HappyDNS (0.3.14)
  - Masonry (1.1.0)
  - MJRefresh (3.1.15.7)
  - Qiniu (7.2.5):
    - HappyDNS (~> 0.3)
  - Realm (3.11.0):
    - Realm/Headers (= 3.11.0)
  - Realm/Headers (3.11.0)
  - SDWebImage (4.4.2):
    - SDWebImage/Core (= 4.4.2)
  - SDWebImage/Core (4.4.2)

DEPENDENCIES:
  - AFNetworking
  - Masonry
  - MJRefresh
  - Qiniu
  - Realm (~> 3.11.0)
  - SDWebImage

SPEC REPOS:
  https://github.com/cocoapods/specs.git:
    - AFNetworking
    - HappyDNS
    - Masonry
    - MJRefresh
    - Qiniu
    - Realm
    - SDWebImage

SPEC CHECKSUMS:
  AFNetworking: b6f891fdfaed196b46c7a83cf209e09697b94057
  HappyDNS: dc6a164ee81979093123c241c6353bcf0218add6
  Masonry: 678fab65091a9290e40e2832a55e7ab731aad201
  MJRefresh: 697f8ec75ebdbe9207767bb682cf0f51b0d8a41f
  Qiniu: 909b408ee489ea54827e9717be90b94bc9dfbc48
  Realm: 92f09a102692b96a9a10e9617f214f15c5ab85fc
  SDWebImage: 624d6e296c69b244bcede364c72ae0430ac14681

PODFILE CHECKSUM: 304d44db74239ec8fae8bb9db95a950ff435e945

COCOAPODS: 1.5.3
